// !$*UTF8*$!
{
	archiveVersion = 1;
	classes = {
	};
	objectVersion = 50;
	objects = {

/* Begin PBXBuildFile section */
		0EE616C421038E6B00EC10DF /* AppDelegate.swift in Sources */ = {isa = PBXBuildFile; fileRef = 0EE616C321038E6B00EC10DF /* AppDelegate.swift */; };
		0EE616C921038E6B00EC10DF /* Main.storyboard in Resources */ = {isa = PBXBuildFile; fileRef = 0EE616C721038E6B00EC10DF /* Main.storyboard */; };
		0EE616CB21038E6C00EC10DF /* Assets.xcassets in Resources */ = {isa = PBXBuildFile; fileRef = 0EE616CA21038E6C00EC10DF /* Assets.xcassets */; };
		0EE616CE21038E6C00EC10DF /* LaunchScreen.storyboard in Resources */ = {isa = PBXBuildFile; fileRef = 0EE616CC21038E6C00EC10DF /* LaunchScreen.storyboard */; };
		0EE616D921038E6C00EC10DF /* FlickrSearchTests.swift in Sources */ = {isa = PBXBuildFile; fileRef = 0EE616D821038E6C00EC10DF /* FlickrSearchTests.swift */; };
		0EE616E421039D8400EC10DF /* ImageDownloadManager.swift in Sources */ = {isa = PBXBuildFile; fileRef = 0EE616E321039D8400EC10DF /* ImageDownloadManager.swift */; };
		0EE616E62104692300EC10DF /* NetworkManager.swift in Sources */ = {isa = PBXBuildFile; fileRef = 0EE616E52104692300EC10DF /* NetworkManager.swift */; };
		0EE616E821046B7100EC10DF /* FlickrPhotosSearchResponseModel.swift in Sources */ = {isa = PBXBuildFile; fileRef = 0EE616E721046B7100EC10DF /* FlickrPhotosSearchResponseModel.swift */; };
		0EE616EA21047F2E00EC10DF /* HomeViewController.swift in Sources */ = {isa = PBXBuildFile; fileRef = 0EE616E921047F2E00EC10DF /* HomeViewController.swift */; };
		0EE616EC21047FA800EC10DF /* HomeViewModel.swift in Sources */ = {isa = PBXBuildFile; fileRef = 0EE616EB21047FA800EC10DF /* HomeViewModel.swift */; };
		0EE616EF2104981300EC10DF /* PhotoThumbCollectionViewCell.swift in Sources */ = {isa = PBXBuildFile; fileRef = 0EE616ED2104981300EC10DF /* PhotoThumbCollectionViewCell.swift */; };
		0EE616F02104981300EC10DF /* PhotoThumbCollectionViewCell.xib in Resources */ = {isa = PBXBuildFile; fileRef = 0EE616EE2104981300EC10DF /* PhotoThumbCollectionViewCell.xib */; };
		0EE616F32104C28600EC10DF /* LoadingFooterCollectionReusableView.swift in Sources */ = {isa = PBXBuildFile; fileRef = 0EE616F12104C28600EC10DF /* LoadingFooterCollectionReusableView.swift */; };
		2575893E735EDFD115A2BCC2 /* Pods_FlickrSearch.framework in Frameworks */ = {isa = PBXBuildFile; fileRef = 283151E031F970E9AC65EEBB /* Pods_FlickrSearch.framework */; };
		F5BB0682276DA295232D58FF /* Pods_FlickrSearchTests.framework in Frameworks */ = {isa = PBXBuildFile; fileRef = 4A53CAAB52CE0874669FEFA5 /* Pods_FlickrSearchTests.framework */; };
/* End PBXBuildFile section */

/* Begin PBXContainerItemProxy section */
		0EE616D521038E6C00EC10DF /* PBXContainerItemProxy */ = {
			isa = PBXContainerItemProxy;
			containerPortal = 0EE616B821038E6B00EC10DF /* Project object */;
			proxyType = 1;
			remoteGlobalIDString = 0EE616BF21038E6B00EC10DF;
			remoteInfo = FlickrSearch;
		};
/* End PBXContainerItemProxy section */

/* Begin PBXFileReference section */
		0EE616C021038E6B00EC10DF /* FlickrSearch.app */ = {isa = PBXFileReference; explicitFileType = wrapper.application; includeInIndex = 0; path = FlickrSearch.app; sourceTree = BUILT_PRODUCTS_DIR; };
		0EE616C321038E6B00EC10DF /* AppDelegate.swift */ = {isa = PBXFileReference; lastKnownFileType = sourcecode.swift; path = AppDelegate.swift; sourceTree = "<group>"; };
		0EE616C821038E6B00EC10DF /* Base */ = {isa = PBXFileReference; lastKnownFileType = file.storyboard; name = Base; path = Base.lproj/Main.storyboard; sourceTree = "<group>"; };
		0EE616CA21038E6C00EC10DF /* Assets.xcassets */ = {isa = PBXFileReference; lastKnownFileType = folder.assetcatalog; path = Assets.xcassets; sourceTree = "<group>"; };
		0EE616CD21038E6C00EC10DF /* Base */ = {isa = PBXFileReference; lastKnownFileType = file.storyboard; name = Base; path = Base.lproj/LaunchScreen.storyboard; sourceTree = "<group>"; };
		0EE616CF21038E6C00EC10DF /* Info.plist */ = {isa = PBXFileReference; lastKnownFileType = text.plist.xml; path = Info.plist; sourceTree = "<group>"; };
		0EE616D421038E6C00EC10DF /* FlickrSearchTests.xctest */ = {isa = PBXFileReference; explicitFileType = wrapper.cfbundle; includeInIndex = 0; path = FlickrSearchTests.xctest; sourceTree = BUILT_PRODUCTS_DIR; };
		0EE616D821038E6C00EC10DF /* FlickrSearchTests.swift */ = {isa = PBXFileReference; lastKnownFileType = sourcecode.swift; path = FlickrSearchTests.swift; sourceTree = "<group>"; };
		0EE616DA21038E6C00EC10DF /* Info.plist */ = {isa = PBXFileReference; lastKnownFileType = text.plist.xml; path = Info.plist; sourceTree = "<group>"; };
		0EE616E321039D8400EC10DF /* ImageDownloadManager.swift */ = {isa = PBXFileReference; lastKnownFileType = sourcecode.swift; path = ImageDownloadManager.swift; sourceTree = "<group>"; };
		0EE616E52104692300EC10DF /* NetworkManager.swift */ = {isa = PBXFileReference; lastKnownFileType = sourcecode.swift; path = NetworkManager.swift; sourceTree = "<group>"; };
		0EE616E721046B7100EC10DF /* FlickrPhotosSearchResponseModel.swift */ = {isa = PBXFileReference; lastKnownFileType = sourcecode.swift; path = FlickrPhotosSearchResponseModel.swift; sourceTree = "<group>"; };
		0EE616E921047F2E00EC10DF /* HomeViewController.swift */ = {isa = PBXFileReference; lastKnownFileType = sourcecode.swift; path = HomeViewController.swift; sourceTree = "<group>"; };
		0EE616EB21047FA800EC10DF /* HomeViewModel.swift */ = {isa = PBXFileReference; lastKnownFileType = sourcecode.swift; path = HomeViewModel.swift; sourceTree = "<group>"; };
		0EE616ED2104981300EC10DF /* PhotoThumbCollectionViewCell.swift */ = {isa = PBXFileReference; lastKnownFileType = sourcecode.swift; path = PhotoThumbCollectionViewCell.swift; sourceTree = "<group>"; };
		0EE616EE2104981300EC10DF /* PhotoThumbCollectionViewCell.xib */ = {isa = PBXFileReference; lastKnownFileType = file.xib; path = PhotoThumbCollectionViewCell.xib; sourceTree = "<group>"; };
		0EE616F12104C28600EC10DF /* LoadingFooterCollectionReusableView.swift */ = {isa = PBXFileReference; lastKnownFileType = sourcecode.swift; path = LoadingFooterCollectionReusableView.swift; sourceTree = "<group>"; };
		1717FBDE13CB9A0077711566 /* Pods-FlickrSearchTests.debug.xcconfig */ = {isa = PBXFileReference; includeInIndex = 1; lastKnownFileType = text.xcconfig; name = "Pods-FlickrSearchTests.debug.xcconfig"; path = "Pods/Target Support Files/Pods-FlickrSearchTests/Pods-FlickrSearchTests.debug.xcconfig"; sourceTree = "<group>"; };
		1A2B8A9EAA748BCAB558975B /* Pods-FlickrSearch.debug.xcconfig */ = {isa = PBXFileReference; includeInIndex = 1; lastKnownFileType = text.xcconfig; name = "Pods-FlickrSearch.debug.xcconfig"; path = "Pods/Target Support Files/Pods-FlickrSearch/Pods-FlickrSearch.debug.xcconfig"; sourceTree = "<group>"; };
		283151E031F970E9AC65EEBB /* Pods_FlickrSearch.framework */ = {isa = PBXFileReference; explicitFileType = wrapper.framework; includeInIndex = 0; path = Pods_FlickrSearch.framework; sourceTree = BUILT_PRODUCTS_DIR; };
		4A53CAAB52CE0874669FEFA5 /* Pods_FlickrSearchTests.framework */ = {isa = PBXFileReference; explicitFileType = wrapper.framework; includeInIndex = 0; path = Pods_FlickrSearchTests.framework; sourceTree = BUILT_PRODUCTS_DIR; };
		4F3FFF0EE006A4B7243D4278 /* Pods-FlickrSearch.release.xcconfig */ = {isa = PBXFileReference; includeInIndex = 1; lastKnownFileType = text.xcconfig; name = "Pods-FlickrSearch.release.xcconfig"; path = "Pods/Target Support Files/Pods-FlickrSearch/Pods-FlickrSearch.release.xcconfig"; sourceTree = "<group>"; };
		6A236314FC1FC8432DBD6AC0 /* Pods-FlickrSearchTests.release.xcconfig */ = {isa = PBXFileReference; includeInIndex = 1; lastKnownFileType = text.xcconfig; name = "Pods-FlickrSearchTests.release.xcconfig"; path = "Pods/Target Support Files/Pods-FlickrSearchTests/Pods-FlickrSearchTests.release.xcconfig"; sourceTree = "<group>"; };
/* End PBXFileReference section */

/* Begin PBXFrameworksBuildPhase section */
		0EE616BD21038E6B00EC10DF /* Frameworks */ = {
			isa = PBXFrameworksBuildPhase;
			buildActionMask = 2147483647;
			files = (
				2575893E735EDFD115A2BCC2 /* Pods_FlickrSearch.framework in Frameworks */,
			);
			runOnlyForDeploymentPostprocessing = 0;
		};
		0EE616D121038E6C00EC10DF /* Frameworks */ = {
			isa = PBXFrameworksBuildPhase;
			buildActionMask = 2147483647;
			files = (
				F5BB0682276DA295232D58FF /* Pods_FlickrSearchTests.framework in Frameworks */,
			);
			runOnlyForDeploymentPostprocessing = 0;
		};
/* End PBXFrameworksBuildPhase section */

/* Begin PBXGroup section */
		0E375826761052CEB2146C43 /* Pods */ = {
			isa = PBXGroup;
			children = (
				1A2B8A9EAA748BCAB558975B /* Pods-FlickrSearch.debug.xcconfig */,
				4F3FFF0EE006A4B7243D4278 /* Pods-FlickrSearch.release.xcconfig */,
				1717FBDE13CB9A0077711566 /* Pods-FlickrSearchTests.debug.xcconfig */,
				6A236314FC1FC8432DBD6AC0 /* Pods-FlickrSearchTests.release.xcconfig */,
			);
			name = Pods;
			sourceTree = "<group>";
		};
		0EE616B721038E6B00EC10DF = {
			isa = PBXGroup;
			children = (
				0EE616C221038E6B00EC10DF /* FlickrSearch */,
				0EE616D721038E6C00EC10DF /* FlickrSearchTests */,
				0EE616C121038E6B00EC10DF /* Products */,
				0E375826761052CEB2146C43 /* Pods */,
				C2A5B2883BEC78FF8AE92A60 /* Frameworks */,
			);
			sourceTree = "<group>";
		};
		0EE616C121038E6B00EC10DF /* Products */ = {
			isa = PBXGroup;
			children = (
				0EE616C021038E6B00EC10DF /* FlickrSearch.app */,
				0EE616D421038E6C00EC10DF /* FlickrSearchTests.xctest */,
			);
			name = Products;
			sourceTree = "<group>";
		};
		0EE616C221038E6B00EC10DF /* FlickrSearch */ = {
			isa = PBXGroup;
			children = (
				0EE616C321038E6B00EC10DF /* AppDelegate.swift */,
				0EE616C721038E6B00EC10DF /* Main.storyboard */,
				0EE616CA21038E6C00EC10DF /* Assets.xcassets */,
				0EE616CC21038E6C00EC10DF /* LaunchScreen.storyboard */,
				0EE616CF21038E6C00EC10DF /* Info.plist */,
				0EE616E321039D8400EC10DF /* ImageDownloadManager.swift */,
				0EE616E52104692300EC10DF /* NetworkManager.swift */,
				0EE616E721046B7100EC10DF /* FlickrPhotosSearchResponseModel.swift */,
				0EE616E921047F2E00EC10DF /* HomeViewController.swift */,
				0EE616EB21047FA800EC10DF /* HomeViewModel.swift */,
				0EE616ED2104981300EC10DF /* PhotoThumbCollectionViewCell.swift */,
				0EE616EE2104981300EC10DF /* PhotoThumbCollectionViewCell.xib */,
				0EE616F12104C28600EC10DF /* LoadingFooterCollectionReusableView.swift */,
			);
			path = FlickrSearch;
			sourceTree = "<group>";
		};
		0EE616D721038E6C00EC10DF /* FlickrSearchTests */ = {
			isa = PBXGroup;
			children = (
				0EE616D821038E6C00EC10DF /* FlickrSearchTests.swift */,
				0EE616DA21038E6C00EC10DF /* Info.plist */,
			);
			path = FlickrSearchTests;
			sourceTree = "<group>";
		};
		C2A5B2883BEC78FF8AE92A60 /* Frameworks */ = {
			isa = PBXGroup;
			children = (
				283151E031F970E9AC65EEBB /* Pods_FlickrSearch.framework */,
				4A53CAAB52CE0874669FEFA5 /* Pods_FlickrSearchTests.framework */,
			);
			name = Frameworks;
			sourceTree = "<group>";
		};
/* End PBXGroup section */

/* Begin PBXNativeTarget section */
		0EE616BF21038E6B00EC10DF /* FlickrSearch */ = {
			isa = PBXNativeTarget;
			buildConfigurationList = 0EE616DD21038E6C00EC10DF /* Build configuration list for PBXNativeTarget "FlickrSearch" */;
			buildPhases = (
				9CDF585D72D0CD51F3B571D0 /* [CP] Check Pods Manifest.lock */,
				0EE616BC21038E6B00EC10DF /* Sources */,
				0EE616BD21038E6B00EC10DF /* Frameworks */,
				0EE616BE21038E6B00EC10DF /* Resources */,
				D312149C476E6F1D5641A117 /* [CP] Embed Pods Frameworks */,
			);
			buildRules = (
			);
			dependencies = (
			);
			name = FlickrSearch;
			productName = FlickrSearch;
			productReference = 0EE616C021038E6B00EC10DF /* FlickrSearch.app */;
			productType = "com.apple.product-type.application";
		};
		0EE616D321038E6C00EC10DF /* FlickrSearchTests */ = {
			isa = PBXNativeTarget;
			buildConfigurationList = 0EE616E021038E6C00EC10DF /* Build configuration list for PBXNativeTarget "FlickrSearchTests" */;
			buildPhases = (
				DAD53F851AFB0A88E7AD8042 /* [CP] Check Pods Manifest.lock */,
				0EE616D021038E6C00EC10DF /* Sources */,
				0EE616D121038E6C00EC10DF /* Frameworks */,
				0EE616D221038E6C00EC10DF /* Resources */,
			);
			buildRules = (
			);
			dependencies = (
				0EE616D621038E6C00EC10DF /* PBXTargetDependency */,
			);
			name = FlickrSearchTests;
			productName = FlickrSearchTests;
			productReference = 0EE616D421038E6C00EC10DF /* FlickrSearchTests.xctest */;
			productType = "com.apple.product-type.bundle.unit-test";
		};
/* End PBXNativeTarget section */

/* Begin PBXProject section */
		0EE616B821038E6B00EC10DF /* Project object */ = {
			isa = PBXProject;
			attributes = {
				LastSwiftUpdateCheck = 0930;
				LastUpgradeCheck = 0930;
				ORGANIZATIONNAME = "Diwakar Kamboj";
				TargetAttributes = {
					0EE616BF21038E6B00EC10DF = {
						CreatedOnToolsVersion = 9.3;
					};
					0EE616D321038E6C00EC10DF = {
						CreatedOnToolsVersion = 9.3;
						TestTargetID = 0EE616BF21038E6B00EC10DF;
					};
				};
			};
			buildConfigurationList = 0EE616BB21038E6B00EC10DF /* Build configuration list for PBXProject "FlickrSearch" */;
			compatibilityVersion = "Xcode 9.3";
			developmentRegion = en;
			hasScannedForEncodings = 0;
			knownRegions = (
				en,
				Base,
			);
			mainGroup = 0EE616B721038E6B00EC10DF;
			productRefGroup = 0EE616C121038E6B00EC10DF /* Products */;
			projectDirPath = "";
			projectRoot = "";
			targets = (
				0EE616BF21038E6B00EC10DF /* FlickrSearch */,
				0EE616D321038E6C00EC10DF /* FlickrSearchTests */,
			);
		};
/* End PBXProject section */

/* Begin PBXResourcesBuildPhase section */
		0EE616BE21038E6B00EC10DF /* Resources */ = {
			isa = PBXResourcesBuildPhase;
			buildActionMask = 2147483647;
			files = (
				0EE616F02104981300EC10DF /* PhotoThumbCollectionViewCell.xib in Resources */,
				0EE616CE21038E6C00EC10DF /* LaunchScreen.storyboard in Resources */,
				0EE616CB21038E6C00EC10DF /* Assets.xcassets in Resources */,
				0EE616C921038E6B00EC10DF /* Main.storyboard in Resources */,
			);
			runOnlyForDeploymentPostprocessing = 0;
		};
		0EE616D221038E6C00EC10DF /* Resources */ = {
			isa = PBXResourcesBuildPhase;
			buildActionMask = 2147483647;
			files = (
			);
			runOnlyForDeploymentPostprocessing = 0;
		};
/* End PBXResourcesBuildPhase section */

/* Begin PBXShellScriptBuildPhase section */
		9CDF585D72D0CD51F3B571D0 /* [CP] Check Pods Manifest.lock */ = {
			isa = PBXShellScriptBuildPhase;
			buildActionMask = 2147483647;
			files = (
			);
			inputPaths = (
				"${PODS_PODFILE_DIR_PATH}/Podfile.lock",
				"${PODS_ROOT}/Manifest.lock",
			);
			name = "[CP] Check Pods Manifest.lock";
			outputPaths = (
				"$(DERIVED_FILE_DIR)/Pods-FlickrSearch-checkManifestLockResult.txt",
			);
			runOnlyForDeploymentPostprocessing = 0;
			shellPath = /bin/sh;
			shellScript = "diff \"${PODS_PODFILE_DIR_PATH}/Podfile.lock\" \"${PODS_ROOT}/Manifest.lock\" > /dev/null\nif [ $? != 0 ] ; then\n    # print error to STDERR\n    echo \"error: The sandbox is not in sync with the Podfile.lock. Run 'pod install' or update your CocoaPods installation.\" >&2\n    exit 1\nfi\n# This output is used by Xcode 'outputs' to avoid re-running this script phase.\necho \"SUCCESS\" > \"${SCRIPT_OUTPUT_FILE_0}\"\n";
			showEnvVarsInLog = 0;
		};
		D312149C476E6F1D5641A117 /* [CP] Embed Pods Frameworks */ = {
			isa = PBXShellScriptBuildPhase;
			buildActionMask = 2147483647;
			files = (
			);
			inputPaths = (
				"${SRCROOT}/Pods/Target Support Files/Pods-FlickrSearch/Pods-FlickrSearch-frameworks.sh",
				"${BUILT_PRODUCTS_DIR}/Alamofire/Alamofire.framework",
			);
			name = "[CP] Embed Pods Frameworks";
			outputPaths = (
				"${TARGET_BUILD_DIR}/${FRAMEWORKS_FOLDER_PATH}/Alamofire.framework",
			);
			runOnlyForDeploymentPostprocessing = 0;
			shellPath = /bin/sh;
			shellScript = "\"${SRCROOT}/Pods/Target Support Files/Pods-FlickrSearch/Pods-FlickrSearch-frameworks.sh\"\n";
			showEnvVarsInLog = 0;
		};
		DAD53F851AFB0A88E7AD8042 /* [CP] Check Pods Manifest.lock */ = {
			isa = PBXShellScriptBuildPhase;
			buildActionMask = 2147483647;
			files = (
			);
			inputPaths = (
				"${PODS_PODFILE_DIR_PATH}/Podfile.lock",
				"${PODS_ROOT}/Manifest.lock",
			);
			name = "[CP] Check Pods Manifest.lock";
			outputPaths = (
				"$(DERIVED_FILE_DIR)/Pods-FlickrSearchTests-checkManifestLockResult.txt",
			);
			runOnlyForDeploymentPostprocessing = 0;
			shellPath = /bin/sh;
			shellScript = "diff \"${PODS_PODFILE_DIR_PATH}/Podfile.lock\" \"${PODS_ROOT}/Manifest.lock\" > /dev/null\nif [ $? != 0 ] ; then\n    # print error to STDERR\n    echo \"error: The sandbox is not in sync with the Podfile.lock. Run 'pod install' or update your CocoaPods installation.\" >&2\n    exit 1\nfi\n# This output is used by Xcode 'outputs' to avoid re-running this script phase.\necho \"SUCCESS\" > \"${SCRIPT_OUTPUT_FILE_0}\"\n";
			showEnvVarsInLog = 0;
		};
/* End PBXShellScriptBuildPhase section */

/* Begin PBXSourcesBuildPhase section */
		0EE616BC21038E6B00EC10DF /* Sources */ = {
			isa = PBXSourcesBuildPhase;
			buildActionMask = 2147483647;
			files = (
				0EE616EA21047F2E00EC10DF /* HomeViewController.swift in Sources */,
				0EE616EC21047FA800EC10DF /* HomeViewModel.swift in Sources */,
				0EE616EF2104981300EC10DF /* PhotoThumbCollectionViewCell.swift in Sources */,
				0EE616F32104C28600EC10DF /* LoadingFooterCollectionReusableView.swift in Sources */,
				0EE616E62104692300EC10DF /* NetworkManager.swift in Sources */,
				0EE616E421039D8400EC10DF /* ImageDownloadManager.swift in Sources */,
				0EE616E821046B7100EC10DF /* FlickrPhotosSearchResponseModel.swift in Sources */,
				0EE616C421038E6B00EC10DF /* AppDelegate.swift in Sources */,
			);
			runOnlyForDeploymentPostprocessing = 0;
		};
		0EE616D021038E6C00EC10DF /* Sources */ = {
			isa = PBXSourcesBuildPhase;
			buildActionMask = 2147483647;
			files = (
				0EE616D921038E6C00EC10DF /* FlickrSearchTests.swift in Sources */,
			);
			runOnlyForDeploymentPostprocessing = 0;
		};
/* End PBXSourcesBuildPhase section */

/* Begin PBXTargetDependency section */
		0EE616D621038E6C00EC10DF /* PBXTargetDependency */ = {
			isa = PBXTargetDependency;
			target = 0EE616BF21038E6B00EC10DF /* FlickrSearch */;
			targetProxy = 0EE616D521038E6C00EC10DF /* PBXContainerItemProxy */;
		};
/* End PBXTargetDependency section */

/* Begin PBXVariantGroup section */
		0EE616C721038E6B00EC10DF /* Main.storyboard */ = {
			isa = PBXVariantGroup;
			children = (
				0EE616C821038E6B00EC10DF /* Base */,
			);
			name = Main.storyboard;
			sourceTree = "<group>";
		};
		0EE616CC21038E6C00EC10DF /* LaunchScreen.storyboard */ = {
			isa = PBXVariantGroup;
			children = (
				0EE616CD21038E6C00EC10DF /* Base */,
			);
			name = LaunchScreen.storyboard;
			sourceTree = "<group>";
		};
/* End PBXVariantGroup section */

/* Begin XCBuildConfiguration section */
		0EE616DB21038E6C00EC10DF /* Debug */ = {
			isa = XCBuildConfiguration;
			buildSettings = {
				ALWAYS_SEARCH_USER_PATHS = NO;
				CLANG_ANALYZER_NONNULL = YES;
				CLANG_ANALYZER_NUMBER_OBJECT_CONVERSION = YES_AGGRESSIVE;
				CLANG_CXX_LANGUAGE_STANDARD = "gnu++14";
				CLANG_CXX_LIBRARY = "libc++";
				CLANG_ENABLE_MODULES = YES;
				CLANG_ENABLE_OBJC_ARC = YES;
				CLANG_ENABLE_OBJC_WEAK = YES;
				CLANG_WARN_BLOCK_CAPTURE_AUTORELEASING = YES;
				CLANG_WARN_BOOL_CONVERSION = YES;
				CLANG_WARN_COMMA = YES;
				CLANG_WARN_CONSTANT_CONVERSION = YES;
				CLANG_WARN_DEPRECATED_OBJC_IMPLEMENTATIONS = YES;
				CLANG_WARN_DIRECT_OBJC_ISA_USAGE = YES_ERROR;
				CLANG_WARN_DOCUMENTATION_COMMENTS = YES;
				CLANG_WARN_EMPTY_BODY = YES;
				CLANG_WARN_ENUM_CONVERSION = YES;
				CLANG_WARN_INFINITE_RECURSION = YES;
				CLANG_WARN_INT_CONVERSION = YES;
				CLANG_WARN_NON_LITERAL_NULL_CONVERSION = YES;
				CLANG_WARN_OBJC_IMPLICIT_RETAIN_SELF = YES;
				CLANG_WARN_OBJC_LITERAL_CONVERSION = YES;
				CLANG_WARN_OBJC_ROOT_CLASS = YES_ERROR;
				CLANG_WARN_RANGE_LOOP_ANALYSIS = YES;
				CLANG_WARN_STRICT_PROTOTYPES = YES;
				CLANG_WARN_SUSPICIOUS_MOVE = YES;
				CLANG_WARN_UNGUARDED_AVAILABILITY = YES_AGGRESSIVE;
				CLANG_WARN_UNREACHABLE_CODE = YES;
				CLANG_WARN__DUPLICATE_METHOD_MATCH = YES;
				CODE_SIGN_IDENTITY = "iPhone Developer";
				COPY_PHASE_STRIP = NO;
				DEBUG_INFORMATION_FORMAT = dwarf;
				ENABLE_STRICT_OBJC_MSGSEND = YES;
				ENABLE_TESTABILITY = YES;
				GCC_C_LANGUAGE_STANDARD = gnu11;
				GCC_DYNAMIC_NO_PIC = NO;
				GCC_NO_COMMON_BLOCKS = YES;
				GCC_OPTIMIZATION_LEVEL = 0;
				GCC_PREPROCESSOR_DEFINITIONS = (
					"DEBUG=1",
					"$(inherited)",
				);
				GCC_WARN_64_TO_32_BIT_CONVERSION = YES;
				GCC_WARN_ABOUT_RETURN_TYPE = YES_ERROR;
				GCC_WARN_UNDECLARED_SELECTOR = YES;
				GCC_WARN_UNINITIALIZED_AUTOS = YES_AGGRESSIVE;
				GCC_WARN_UNUSED_FUNCTION = YES;
				GCC_WARN_UNUSED_VARIABLE = YES;
				IPHONEOS_DEPLOYMENT_TARGET = 11.3;
				MTL_ENABLE_DEBUG_INFO = YES;
				ONLY_ACTIVE_ARCH = YES;
				SDKROOT = iphoneos;
				SWIFT_ACTIVE_COMPILATION_CONDITIONS = DEBUG;
				SWIFT_OPTIMIZATION_LEVEL = "-Onone";
			};
			name = Debug;
		};
		0EE616DC21038E6C00EC10DF /* Release */ = {
			isa = XCBuildConfiguration;
			buildSettings = {
				ALWAYS_SEARCH_USER_PATHS = NO;
				CLANG_ANALYZER_NONNULL = YES;
				CLANG_ANALYZER_NUMBER_OBJECT_CONVERSION = YES_AGGRESSIVE;
				CLANG_CXX_LANGUAGE_STANDARD = "gnu++14";
				CLANG_CXX_LIBRARY = "libc++";
				CLANG_ENABLE_MODULES = YES;
				CLANG_ENABLE_OBJC_ARC = YES;
				CLANG_ENABLE_OBJC_WEAK = YES;
				CLANG_WARN_BLOCK_CAPTURE_AUTORELEASING = YES;
				CLANG_WARN_BOOL_CONVERSION = YES;
				CLANG_WARN_COMMA = YES;
				CLANG_WARN_CONSTANT_CONVERSION = YES;
				CLANG_WARN_DEPRECATED_OBJC_IMPLEMENTATIONS = YES;
				CLANG_WARN_DIRECT_OBJC_ISA_USAGE = YES_ERROR;
				CLANG_WARN_DOCUMENTATION_COMMENTS = YES;
				CLANG_WARN_EMPTY_BODY = YES;
				CLANG_WARN_ENUM_CONVERSION = YES;
				CLANG_WARN_INFINITE_RECURSION = YES;
				CLANG_WARN_INT_CONVERSION = YES;
				CLANG_WARN_NON_LITERAL_NULL_CONVERSION = YES;
				CLANG_WARN_OBJC_IMPLICIT_RETAIN_SELF = YES;
				CLANG_WARN_OBJC_LITERAL_CONVERSION = YES;
				CLANG_WARN_OBJC_ROOT_CLASS = YES_ERROR;
				CLANG_WARN_RANGE_LOOP_ANALYSIS = YES;
				CLANG_WARN_STRICT_PROTOTYPES = YES;
				CLANG_WARN_SUSPICIOUS_MOVE = YES;
				CLANG_WARN_UNGUARDED_AVAILABILITY = YES_AGGRESSIVE;
				CLANG_WARN_UNREACHABLE_CODE = YES;
				CLANG_WARN__DUPLICATE_METHOD_MATCH = YES;
				CODE_SIGN_IDENTITY = "iPhone Developer";
				COPY_PHASE_STRIP = NO;
				DEBUG_INFORMATION_FORMAT = "dwarf-with-dsym";
				ENABLE_NS_ASSERTIONS = NO;
				ENABLE_STRICT_OBJC_MSGSEND = YES;
				GCC_C_LANGUAGE_STANDARD = gnu11;
				GCC_NO_COMMON_BLOCKS = YES;
				GCC_WARN_64_TO_32_BIT_CONVERSION = YES;
				GCC_WARN_ABOUT_RETURN_TYPE = YES_ERROR;
				GCC_WARN_UNDECLARED_SELECTOR = YES;
				GCC_WARN_UNINITIALIZED_AUTOS = YES_AGGRESSIVE;
				GCC_WARN_UNUSED_FUNCTION = YES;
				GCC_WARN_UNUSED_VARIABLE = YES;
				IPHONEOS_DEPLOYMENT_TARGET = 11.3;
				MTL_ENABLE_DEBUG_INFO = NO;
				SDKROOT = iphoneos;
				SWIFT_COMPILATION_MODE = wholemodule;
				SWIFT_OPTIMIZATION_LEVEL = "-O";
				VALIDATE_PRODUCT = YES;
			};
			name = Release;
		};
		0EE616DE21038E6C00EC10DF /* Debug */ = {
			isa = XCBuildConfiguration;
			baseConfigurationReference = 1A2B8A9EAA748BCAB558975B /* Pods-FlickrSearch.debug.xcconfig */;
			buildSettings = {
				ASSETCATALOG_COMPILER_APPICON_NAME = AppIcon;
				CODE_SIGN_STYLE = Automatic;
				DEVELOPMENT_TEAM = 7ZB23UDL4W;
				INFOPLIST_FILE = FlickrSearch/Info.plist;
				LD_RUNPATH_SEARCH_PATHS = (
					"$(inherited)",
					"@executable_path/Frameworks",
				);
				PRODUCT_BUNDLE_IDENTIFIER = com.primekrieger.FlickrSearch;
				PRODUCT_NAME = "$(TARGET_NAME)";
				SWIFT_VERSION = 4.0;
				TARGETED_DEVICE_FAMILY = "1,2";
			};
			name = Debug;
		};
		0EE616DF21038E6C00EC10DF /* Release */ = {
			isa = XCBuildConfiguration;
			baseConfigurationReference = 4F3FFF0EE006A4B7243D4278 /* Pods-FlickrSearch.release.xcconfig */;
			buildSettings = {
				ASSETCATALOG_COMPILER_APPICON_NAME = AppIcon;
				CODE_SIGN_STYLE = Automatic;
				DEVELOPMENT_TEAM = 7ZB23UDL4W;
				INFOPLIST_FILE = FlickrSearch/Info.plist;
				LD_RUNPATH_SEARCH_PATHS = (
					"$(inherited)",
					"@executable_path/Frameworks",
				);
				PRODUCT_BUNDLE_IDENTIFIER = com.primekrieger.FlickrSearch;
				PRODUCT_NAME = "$(TARGET_NAME)";
				SWIFT_VERSION = 4.0;
				TARGETED_DEVICE_FAMILY = "1,2";
			};
			name = Release;
		};
		0EE616E121038E6C00EC10DF /* Debug */ = {
			isa = XCBuildConfiguration;
			baseConfigurationReference = 1717FBDE13CB9A0077711566 /* Pods-FlickrSearchTests.debug.xcconfig */;
			buildSettings = {
				ALWAYS_EMBED_SWIFT_STANDARD_LIBRARIES = YES;
				BUNDLE_LOADER = "$(TEST_HOST)";
				CODE_SIGN_STYLE = Automatic;
				DEVELOPMENT_TEAM = 7ZB23UDL4W;
				INFOPLIST_FILE = FlickrSearchTests/Info.plist;
				LD_RUNPATH_SEARCH_PATHS = (
					"$(inherited)",
					"@executable_path/Frameworks",
					"@loader_path/Frameworks",
				);
				PRODUCT_BUNDLE_IDENTIFIER = com.primekrieger.FlickrSearchTests;
				PRODUCT_NAME = "$(TARGET_NAME)";
				SWIFT_VERSION = 4.0;
				TARGETED_DEVICE_FAMILY = "1,2";
				TEST_HOST = "$(BUILT_PRODUCTS_DIR)/FlickrSearch.app/FlickrSearch";
			};
			name = Debug;
		};
		0EE616E221038E6C00EC10DF /* Release */ = {
			isa = XCBuildConfiguration;
			baseConfigurationReference = 6A236314FC1FC8432DBD6AC0 /* Pods-FlickrSearchTests.release.xcconfig */;
			buildSettings = {
				ALWAYS_EMBED_SWIFT_STANDARD_LIBRARIES = YES;
				BUNDLE_LOADER = "$(TEST_HOST)";
				CODE_SIGN_STYLE = Automatic;
				DEVELOPMENT_TEAM = 7ZB23UDL4W;
				INFOPLIST_FILE = FlickrSearchTests/Info.plist;
				LD_RUNPATH_SEARCH_PATHS = (
					"$(inherited)",
					"@executable_path/Frameworks",
					"@loader_path/Frameworks",
				);
				PRODUCT_BUNDLE_IDENTIFIER = com.primekrieger.FlickrSearchTests;
				PRODUCT_NAME = "$(TARGET_NAME)";
				SWIFT_VERSION = 4.0;
				TARGETED_DEVICE_FAMILY = "1,2";
				TEST_HOST = "$(BUILT_PRODUCTS_DIR)/FlickrSearch.app/FlickrSearch";
			};
			name = Release;
		};
/* End XCBuildConfiguration section */

/* Begin XCConfigurationList section */
		0EE616BB21038E6B00EC10DF /* Build configuration list for PBXProject "FlickrSearch" */ = {
			isa = XCConfigurationList;
			buildConfigurations = (
				0EE616DB21038E6C00EC10DF /* Debug */,
				0EE616DC21038E6C00EC10DF /* Release */,
			);
			defaultConfigurationIsVisible = 0;
			defaultConfigurationName = Release;
		};
		0EE616DD21038E6C00EC10DF /* Build configuration list for PBXNativeTarget "FlickrSearch" */ = {
			isa = XCConfigurationList;
			buildConfigurations = (
				0EE616DE21038E6C00EC10DF /* Debug */,
				0EE616DF21038E6C00EC10DF /* Release */,
			);
			defaultConfigurationIsVisible = 0;
			defaultConfigurationName = Release;
		};
		0EE616E021038E6C00EC10DF /* Build configuration list for PBXNativeTarget "FlickrSearchTests" */ = {
			isa = XCConfigurationList;
			buildConfigurations = (
				0EE616E121038E6C00EC10DF /* Debug */,
				0EE616E221038E6C00EC10DF /* Release */,
			);
			defaultConfigurationIsVisible = 0;
			defaultConfigurationName = Release;
		};
/* End XCConfigurationList section */
	};
	rootObject = 0EE616B821038E6B00EC10DF /* Project object */;
}
